// !$*UTF8*$!
{
	archiveVersion = 1;
	classes = {
	};
	objectVersion = 55;
	objects = {

/* Begin PBXBuildFile section */
		CE20786728C871AC00888D97 /* ZWBlueToothListView.m in Sources */ = {isa = PBXBuildFile; fileRef = CE20786628C871AC00888D97 /* ZWBlueToothListView.m */; };
		CEB8E53828C71F8B004D0FB5 /* AppDelegate.m in Sources */ = {isa = PBXBuildFile; fileRef = CEB8E53728C71F8B004D0FB5 /* AppDelegate.m */; };
		CEB8E54328C71F8D004D0FB5 /* Assets.xcassets in Resources */ = {isa = PBXBuildFile; fileRef = CEB8E54228C71F8D004D0FB5 /* Assets.xcassets */; };
		CEB8E54628C71F8D004D0FB5 /* LaunchScreen.storyboard in Resources */ = {isa = PBXBuildFile; fileRef = CEB8E54428C71F8D004D0FB5 /* LaunchScreen.storyboard */; };
		CEB8E54928C71F8D004D0FB5 /* main.m in Sources */ = {isa = PBXBuildFile; fileRef = CEB8E54828C71F8D004D0FB5 /* main.m */; };
		CEB8E55428C7209D004D0FB5 /* ZWBlueToothView.m in Sources */ = {isa = PBXBuildFile; fileRef = CEB8E55328C7209D004D0FB5 /* ZWBlueToothView.m */; };
		CEB8E55728C720E3004D0FB5 /* ZWBlueToothViewController.m in Sources */ = {isa = PBXBuildFile; fileRef = CEB8E55628C720E3004D0FB5 /* ZWBlueToothViewController.m */; };
/* End PBXBuildFile section */

/* Begin PBXFileReference section */
		CE20786528C871AC00888D97 /* ZWBlueToothListView.h */ = {isa = PBXFileReference; lastKnownFileType = sourcecode.c.h; path = ZWBlueToothListView.h; sourceTree = "<group>"; };
		CE20786628C871AC00888D97 /* ZWBlueToothListView.m */ = {isa = PBXFileReference; lastKnownFileType = sourcecode.c.objc; path = ZWBlueToothListView.m; sourceTree = "<group>"; };
		CEB8E53328C71F8B004D0FB5 /* ZWBlueTooth.app */ = {isa = PBXFileReference; explicitFileType = wrapper.application; includeInIndex = 0; path = ZWBlueTooth.app; sourceTree = BUILT_PRODUCTS_DIR; };
		CEB8E53628C71F8B004D0FB5 /* AppDelegate.h */ = {isa = PBXFileReference; lastKnownFileType = sourcecode.c.h; path = AppDelegate.h; sourceTree = "<group>"; };
		CEB8E53728C71F8B004D0FB5 /* AppDelegate.m */ = {isa = PBXFileReference; lastKnownFileType = sourcecode.c.objc; path = AppDelegate.m; sourceTree = "<group>"; };
		CEB8E54228C71F8D004D0FB5 /* Assets.xcassets */ = {isa = PBXFileReference; lastKnownFileType = folder.assetcatalog; path = Assets.xcassets; sourceTree = "<group>"; };
		CEB8E54528C71F8D004D0FB5 /* Base */ = {isa = PBXFileReference; lastKnownFileType = file.storyboard; name = Base; path = Base.lproj/LaunchScreen.storyboard; sourceTree = "<group>"; };
		CEB8E54728C71F8D004D0FB5 /* Info.plist */ = {isa = PBXFileReference; lastKnownFileType = text.plist.xml; path = Info.plist; sourceTree = "<group>"; };
		CEB8E54828C71F8D004D0FB5 /* main.m */ = {isa = PBXFileReference; lastKnownFileType = sourcecode.c.objc; path = main.m; sourceTree = "<group>"; };
		CEB8E55228C7209D004D0FB5 /* ZWBlueToothView.h */ = {isa = PBXFileReference; lastKnownFileType = sourcecode.c.h; path = ZWBlueToothView.h; sourceTree = "<group>"; };
		CEB8E55328C7209D004D0FB5 /* ZWBlueToothView.m */ = {isa = PBXFileReference; lastKnownFileType = sourcecode.c.objc; path = ZWBlueToothView.m; sourceTree = "<group>"; };
		CEB8E55528C720E3004D0FB5 /* ZWBlueToothViewController.h */ = {isa = PBXFileReference; lastKnownFileType = sourcecode.c.h; path = ZWBlueToothViewController.h; sourceTree = "<group>"; };
		CEB8E55628C720E3004D0FB5 /* ZWBlueToothViewController.m */ = {isa = PBXFileReference; lastKnownFileType = sourcecode.c.objc; path = ZWBlueToothViewController.m; sourceTree = "<group>"; };
/* End PBXFileReference section */

/* Begin PBXFrameworksBuildPhase section */
		CEB8E53028C71F8B004D0FB5 /* Frameworks */ = {
			isa = PBXFrameworksBuildPhase;
			buildActionMask = 2147483647;
			files = (
			);
			runOnlyForDeploymentPostprocessing = 0;
		};
/* End PBXFrameworksBuildPhase section */

/* Begin PBXGroup section */
		CEB8E52A28C71F8A004D0FB5 = {
			isa = PBXGroup;
			children = (
				CEB8E53528C71F8B004D0FB5 /* ZWBlueTooth */,
				CEB8E53428C71F8B004D0FB5 /* Products */,
			);
			sourceTree = "<group>";
		};
		CEB8E53428C71F8B004D0FB5 /* Products */ = {
			isa = PBXGroup;
			children = (
				CEB8E53328C71F8B004D0FB5 /* ZWBlueTooth.app */,
			);
			name = Products;
			sourceTree = "<group>";
		};
		CEB8E53528C71F8B004D0FB5 /* ZWBlueTooth */ = {
			isa = PBXGroup;
			children = (
				CEB8E53628C71F8B004D0FB5 /* AppDelegate.h */,
				CEB8E53728C71F8B004D0FB5 /* AppDelegate.m */,
				CEB8E55528C720E3004D0FB5 /* ZWBlueToothViewController.h */,
				CEB8E55628C720E3004D0FB5 /* ZWBlueToothViewController.m */,
				CEB8E55228C7209D004D0FB5 /* ZWBlueToothView.h */,
				CEB8E55328C7209D004D0FB5 /* ZWBlueToothView.m */,
				CE20786528C871AC00888D97 /* ZWBlueToothListView.h */,
				CE20786628C871AC00888D97 /* ZWBlueToothListView.m */,
				CEB8E54228C71F8D004D0FB5 /* Assets.xcassets */,
				CEB8E54428C71F8D004D0FB5 /* LaunchScreen.storyboard */,
				CEB8E54728C71F8D004D0FB5 /* Info.plist */,
				CEB8E54828C71F8D004D0FB5 /* main.m */,
			);
			path = ZWBlueTooth;
			sourceTree = "<group>";
		};
/* End PBXGroup section */

/* Begin PBXNativeTarget section */
		CEB8E53228C71F8B004D0FB5 /* ZWBlueTooth */ = {
			isa = PBXNativeTarget;
			buildConfigurationList = CEB8E54C28C71F8D004D0FB5 /* Build configuration list for PBXNativeTarget "ZWBlueTooth" */;
			buildPhases = (
				CEB8E52F28C71F8B004D0FB5 /* Sources */,
				CEB8E53028C71F8B004D0FB5 /* Frameworks */,
				CEB8E53128C71F8B004D0FB5 /* Resources */,
			);
			buildRules = (
			);
			dependencies = (
			);
			name = ZWBlueTooth;
			productName = ZWBlueTooth;
			productReference = CEB8E53328C71F8B004D0FB5 /* ZWBlueTooth.app */;
			productType = "com.apple.product-type.application";
		};
/* End PBXNativeTarget section */

/* Begin PBXProject section */
		CEB8E52B28C71F8B004D0FB5 /* Project object */ = {
			isa = PBXProject;
			attributes = {
				BuildIndependentTargetsInParallel = 1;
				LastUpgradeCheck = 1340;
				TargetAttributes = {
					CEB8E53228C71F8B004D0FB5 = {
						CreatedOnToolsVersion = 13.4.1;
					};
				};
			};
			buildConfigurationList = CEB8E52E28C71F8B004D0FB5 /* Build configuration list for PBXProject "ZWBlueTooth" */;
			compatibilityVersion = "Xcode 13.0";
			developmentRegion = en;
			hasScannedForEncodings = 0;
			knownRegions = (
				en,
				Base,
			);
			mainGroup = CEB8E52A28C71F8A004D0FB5;
			productRefGroup = CEB8E53428C71F8B004D0FB5 /* Products */;
			projectDirPath = "";
			projectRoot = "";
			targets = (
				CEB8E53228C71F8B004D0FB5 /* ZWBlueTooth */,
			);
		};
/* End PBXProject section */

/* Begin PBXResourcesBuildPhase section */
		CEB8E53128C71F8B004D0FB5 /* Resources */ = {
			isa = PBXResourcesBuildPhase;
			buildActionMask = 2147483647;
			files = (
				CEB8E54628C71F8D004D0FB5 /* LaunchScreen.storyboard in Resources */,
				CEB8E54328C71F8D004D0FB5 /* Assets.xcassets in Resources */,
			);
			runOnlyForDeploymentPostprocessing = 0;
		};
/* End PBXResourcesBuildPhase section */

/* Begin PBXSourcesBuildPhase section */
		CEB8E52F28C71F8B004D0FB5 /* Sources */ = {
			isa = PBXSourcesBuildPhase;
			buildActionMask = 2147483647;
			files = (
				CEB8E53828C71F8B004D0FB5 /* AppDelegate.m in Sources */,
				CE20786728C871AC00888D97 /* ZWBlueToothListView.m in Sources */,
				CEB8E55728C720E3004D0FB5 /* ZWBlueToothViewController.m in Sources */,
				CEB8E55428C7209D004D0FB5 /* ZWBlueToothView.m in Sources */,
				CEB8E54928C71F8D004D0FB5 /* main.m in Sources */,
			);
			runOnlyForDeploymentPostprocessing = 0;
		};
/* End PBXSourcesBuildPhase section */

/* Begin PBXVariantGroup section */
		CEB8E54428C71F8D004D0FB5 /* LaunchScreen.storyboard */ = {
			isa = PBXVariantGroup;
			children = (
				CEB8E54528C71F8D004D0FB5 /* Base */,
			);
			name = LaunchScreen.storyboard;
			sourceTree = "<group>";
		};
/* End PBXVariantGroup section */

/* Begin XCBuildConfiguration section */
		CEB8E54A28C71F8D004D0FB5 /* Debug */ = {
			isa = XCBuildConfiguration;
			buildSettings = {
				ALWAYS_SEARCH_USER_PATHS = NO;
				CLANG_ANALYZER_NONNULL = YES;
				CLANG_ANALYZER_NUMBER_OBJECT_CONVERSION = YES_AGGRESSIVE;
				CLANG_CXX_LANGUAGE_STANDARD = "gnu++17";
				CLANG_ENABLE_MODULES = YES;
				CLANG_ENABLE_OBJC_ARC = YES;
				CLANG_ENABLE_OBJC_WEAK = YES;
				CLANG_WARN_BLOCK_CAPTURE_AUTORELEASING = YES;
				CLANG_WARN_BOOL_CONVERSION = YES;
				CLANG_WARN_COMMA = YES;
				CLANG_WARN_CONSTANT_CONVERSION = YES;
				CLANG_WARN_DEPRECATED_OBJC_IMPLEMENTATIONS = YES;
				CLANG_WARN_DIRECT_OBJC_ISA_USAGE = YES_ERROR;
				CLANG_WARN_DOCUMENTATION_COMMENTS = YES;
				CLANG_WARN_EMPTY_BODY = YES;
				CLANG_WARN_ENUM_CONVERSION = YES;
				CLANG_WARN_INFINITE_RECURSION = YES;
				CLANG_WARN_INT_CONVERSION = YES;
				CLANG_WARN_NON_LITERAL_NULL_CONVERSION = YES;
				CLANG_WARN_OBJC_IMPLICIT_RETAIN_SELF = YES;
				CLANG_WARN_OBJC_LITERAL_CONVERSION = YES;
				CLANG_WARN_OBJC_ROOT_CLASS = YES_ERROR;
				CLANG_WARN_QUOTED_INCLUDE_IN_FRAMEWORK_HEADER = YES;
				CLANG_WARN_RANGE_LOOP_ANALYSIS = YES;
				CLANG_WARN_STRICT_PROTOTYPES = YES;
				CLANG_WARN_SUSPICIOUS_MOVE = YES;
				CLANG_WARN_UNGUARDED_AVAILABILITY = YES_AGGRESSIVE;
				CLANG_WARN_UNREACHABLE_CODE = YES;
				CLANG_WARN__DUPLICATE_METHOD_MATCH = YES;
				COPY_PHASE_STRIP = NO;
				DEBUG_INFORMATION_FORMAT = dwarf;
				ENABLE_STRICT_OBJC_MSGSEND = YES;
				ENABLE_TESTABILITY = YES;
				GCC_C_LANGUAGE_STANDARD = gnu11;
				GCC_DYNAMIC_NO_PIC = NO;
				GCC_NO_COMMON_BLOCKS = YES;
				GCC_OPTIMIZATION_LEVEL = 0;
				GCC_PREPROCESSOR_DEFINITIONS = (
					"DEBUG=1",
					"$(inherited)",
				);
				GCC_WARN_64_TO_32_BIT_CONVERSION = YES;
				GCC_WARN_ABOUT_RETURN_TYPE = YES_ERROR;
				GCC_WARN_UNDECLARED_SELECTOR = YES;
				GCC_WARN_UNINITIALIZED_AUTOS = YES_AGGRESSIVE;
				GCC_WARN_UNUSED_FUNCTION = YES;
				GCC_WARN_UNUSED_VARIABLE = YES;
				IPHONEOS_DEPLOYMENT_TARGET = 15.5;
				MTL_ENABLE_DEBUG_INFO = INCLUDE_SOURCE;
				MTL_FAST_MATH = YES;
				ONLY_ACTIVE_ARCH = YES;
				SDKROOT = iphoneos;
			};
			name = Debug;
		};
		CEB8E54B28C71F8D004D0FB5 /* Release */ = {
			isa = XCBuildConfiguration;
			buildSettings = {
				ALWAYS_SEARCH_USER_PATHS = NO;
				CLANG_ANALYZER_NONNULL = YES;
				CLANG_ANALYZER_NUMBER_OBJECT_CONVERSION = YES_AGGRESSIVE;
				CLANG_CXX_LANGUAGE_STANDARD = "gnu++17";
				CLANG_ENABLE_MODULES = YES;
				CLANG_ENABLE_OBJC_ARC = YES;
				CLANG_ENABLE_OBJC_WEAK = YES;
				CLANG_WARN_BLOCK_CAPTURE_AUTORELEASING = YES;
				CLANG_WARN_BOOL_CONVERSION = YES;
				CLANG_WARN_COMMA = YES;
				CLANG_WARN_CONSTANT_CONVERSION = YES;
				CLANG_WARN_DEPRECATED_OBJC_IMPLEMENTATIONS = YES;
				CLANG_WARN_DIRECT_OBJC_ISA_USAGE = YES_ERROR;
				CLANG_WARN_DOCUMENTATION_COMMENTS = YES;
				CLANG_WARN_EMPTY_BODY = YES;
				CLANG_WARN_ENUM_CONVERSION = YES;
				CLANG_WARN_INFINITE_RECURSION = YES;
				CLANG_WARN_INT_CONVERSION = YES;
				CLANG_WARN_NON_LITERAL_NULL_CONVERSION = YES;
				CLANG_WARN_OBJC_IMPLICIT_RETAIN_SELF = YES;
				CLANG_WARN_OBJC_LITERAL_CONVERSION = YES;
				CLANG_WARN_OBJC_ROOT_CLASS = YES_ERROR;
				CLANG_WARN_QUOTED_INCLUDE_IN_FRAMEWORK_HEADER = YES;
				CLANG_WARN_RANGE_LOOP_ANALYSIS = YES;
				CLANG_WARN_STRICT_PROTOTYPES = YES;
				CLANG_WARN_SUSPICIOUS_MOVE = YES;
				CLANG_WARN_UNGUARDED_AVAILABILITY = YES_AGGRESSIVE;
				CLANG_WARN_UNREACHABLE_CODE = YES;
				CLANG_WARN__DUPLICATE_METHOD_MATCH = YES;
				COPY_PHASE_STRIP = NO;
				DEBUG_INFORMATION_FORMAT = "dwarf-with-dsym";
				ENABLE_NS_ASSERTIONS = NO;
				ENABLE_STRICT_OBJC_MSGSEND = YES;
				GCC_C_LANGUAGE_STANDARD = gnu11;
				GCC_NO_COMMON_BLOCKS = YES;
				GCC_WARN_64_TO_32_BIT_CONVERSION = YES;
				GCC_WARN_ABOUT_RETURN_TYPE = YES_ERROR;
				GCC_WARN_UNDECLARED_SELECTOR = YES;
				GCC_WARN_UNINITIALIZED_AUTOS = YES_AGGRESSIVE;
				GCC_WARN_UNUSED_FUNCTION = YES;
				GCC_WARN_UNUSED_VARIABLE = YES;
				IPHONEOS_DEPLOYMENT_TARGET = 15.5;
				MTL_ENABLE_DEBUG_INFO = NO;
				MTL_FAST_MATH = YES;
				SDKROOT = iphoneos;
				VALIDATE_PRODUCT = YES;
			};
			name = Release;
		};
		CEB8E54D28C71F8D004D0FB5 /* Debug */ = {
			isa = XCBuildConfiguration;
			buildSettings = {
				ASSETCATALOG_COMPILER_APPICON_NAME = AppIcon;
				ASSETCATALOG_COMPILER_GLOBAL_ACCENT_COLOR_NAME = AccentColor;
				CODE_SIGN_STYLE = Automatic;
				CURRENT_PROJECT_VERSION = 1;
				DEVELOPMENT_TEAM = 9KARD3S8BX;
				GENERATE_INFOPLIST_FILE = YES;
				INFOPLIST_FILE = ZWBlueTooth/Info.plist;
				INFOPLIST_KEY_UIApplicationSupportsIndirectInputEvents = YES;
				INFOPLIST_KEY_UILaunchStoryboardName = LaunchScreen;
				INFOPLIST_KEY_UISupportedInterfaceOrientations_iPad = "UIInterfaceOrientationPortrait UIInterfaceOrientationPortraitUpsideDown UIInterfaceOrientationLandscapeLeft UIInterfaceOrientationLandscapeRight";
				INFOPLIST_KEY_UISupportedInterfaceOrientations_iPhone = "UIInterfaceOrientationPortrait UIInterfaceOrientationLandscapeLeft UIInterfaceOrientationLandscapeRight";
				LD_RUNPATH_SEARCH_PATHS = (
					"$(inherited)",
					"@executable_path/Frameworks",
				);
				MARKETING_VERSION = 1.0;
				PRODUCT_BUNDLE_IDENTIFIER = com.czw.ZWBlueTooth;
				PRODUCT_NAME = "$(TARGET_NAME)";
				SWIFT_EMIT_LOC_STRINGS = YES;
				TARGETED_DEVICE_FAMILY = "1,2";
			};
			name = Debug;
		};
		CEB8E54E28C71F8D004D0FB5 /* Release */ = {
			isa = XCBuildConfiguration;
			buildSettings = {
				ASSETCATALOG_COMPILER_APPICON_NAME = AppIcon;
				ASSETCATALOG_COMPILER_GLOBAL_ACCENT_COLOR_NAME = AccentColor;
				CODE_SIGN_STYLE = Automatic;
				CURRENT_PROJECT_VERSION = 1;
				DEVELOPMENT_TEAM = 9KARD3S8BX;
				GENERATE_INFOPLIST_FILE = YES;
				INFOPLIST_FILE = ZWBlueTooth/Info.plist;
				INFOPLIST_KEY_UIApplicationSupportsIndirectInputEvents = YES;
				INFOPLIST_KEY_UILaunchStoryboardName = LaunchScreen;
				INFOPLIST_KEY_UISupportedInterfaceOrientations_iPad = "UIInterfaceOrientationPortrait UIInterfaceOrientationPortraitUpsideDown UIInterfaceOrientationLandscapeLeft UIInterfaceOrientationLandscapeRight";
				INFOPLIST_KEY_UISupportedInterfaceOrientations_iPhone = "UIInterfaceOrientationPortrait UIInterfaceOrientationLandscapeLeft UIInterfaceOrientationLandscapeRight";
				LD_RUNPATH_SEARCH_PATHS = (
					"$(inherited)",
					"@executable_path/Frameworks",
				);
				MARKETING_VERSION = 1.0;
				PRODUCT_BUNDLE_IDENTIFIER = com.czw.ZWBlueTooth;
				PRODUCT_NAME = "$(TARGET_NAME)";
				SWIFT_EMIT_LOC_STRINGS = YES;
				TARGETED_DEVICE_FAMILY = "1,2";
			};
			name = Release;
		};
/* End XCBuildConfiguration section */

/* Begin XCConfigurationList section */
		CEB8E52E28C71F8B004D0FB5 /* Build configuration list for PBXProject "ZWBlueTooth" */ = {
			isa = XCConfigurationList;
			buildConfigurations = (
				CEB8E54A28C71F8D004D0FB5 /* Debug */,
				CEB8E54B28C71F8D004D0FB5 /* Release */,
			);
			defaultConfigurationIsVisible = 0;
			defaultConfigurationName = Release;
		};
		CEB8E54C28C71F8D004D0FB5 /* Build configuration list for PBXNativeTarget "ZWBlueTooth" */ = {
			isa = XCConfigurationList;
			buildConfigurations = (
				CEB8E54D28C71F8D004D0FB5 /* Debug */,
				CEB8E54E28C71F8D004D0FB5 /* Release */,
			);
			defaultConfigurationIsVisible = 0;
			defaultConfigurationName = Release;
		};
/* End XCConfigurationList section */
	};
	rootObject = CEB8E52B28C71F8B004D0FB5 /* Project object */;
}
